// !$*UTF8*$!
{
	archiveVersion = 1;
	classes = {
	};
	objectVersion = 50;
	objects = {

/* Begin PBXBuildFile section */
		2B4A2FAD2183F8D30078E5E8 /* AppDelegate.swift in Sources */ = {isa = PBXBuildFile; fileRef = 2B4A2FAC2183F8D30078E5E8 /* AppDelegate.swift */; };
		2B4A2FAF2183F8D30078E5E8 /* ViewController.swift in Sources */ = {isa = PBXBuildFile; fileRef = 2B4A2FAE2183F8D30078E5E8 /* ViewController.swift */; };
		2B4A2FB22183F8D30078E5E8 /* Main.storyboard in Resources */ = {isa = PBXBuildFile; fileRef = 2B4A2FB02183F8D30078E5E8 /* Main.storyboard */; };
		2B4A2FB42183F8D30078E5E8 /* Assets.xcassets in Resources */ = {isa = PBXBuildFile; fileRef = 2B4A2FB32183F8D30078E5E8 /* Assets.xcassets */; };
		2B4A2FB72183F8D30078E5E8 /* LaunchScreen.storyboard in Resources */ = {isa = PBXBuildFile; fileRef = 2B4A2FB52183F8D30078E5E8 /* LaunchScreen.storyboard */; };
		2B4A2FC22183F8D40078E5E8 /* resultTests.swift in Sources */ = {isa = PBXBuildFile; fileRef = 2B4A2FC12183F8D40078E5E8 /* resultTests.swift */; };
		2B4A2FCD2183F8D40078E5E8 /* resultUITests.swift in Sources */ = {isa = PBXBuildFile; fileRef = 2B4A2FCC2183F8D40078E5E8 /* resultUITests.swift */; };
/* End PBXBuildFile section */

/* Begin PBXContainerItemProxy section */
		2B4A2FBE2183F8D30078E5E8 /* PBXContainerItemProxy */ = {
			isa = PBXContainerItemProxy;
			containerPortal = 2B4A2FA12183F8D30078E5E8 /* Project object */;
			proxyType = 1;
			remoteGlobalIDString = 2B4A2FA82183F8D30078E5E8;
			remoteInfo = result;
		};
		2B4A2FC92183F8D40078E5E8 /* PBXContainerItemProxy */ = {
			isa = PBXContainerItemProxy;
			containerPortal = 2B4A2FA12183F8D30078E5E8 /* Project object */;
			proxyType = 1;
			remoteGlobalIDString = 2B4A2FA82183F8D30078E5E8;
			remoteInfo = result;
		};
/* End PBXContainerItemProxy section */

/* Begin PBXFileReference section */
		2B4A2FA92183F8D30078E5E8 /* result.app */ = {isa = PBXFileReference; explicitFileType = wrapper.application; includeInIndex = 0; path = result.app; sourceTree = BUILT_PRODUCTS_DIR; };
		2B4A2FAC2183F8D30078E5E8 /* AppDelegate.swift */ = {isa = PBXFileReference; lastKnownFileType = sourcecode.swift; path = AppDelegate.swift; sourceTree = "<group>"; };
		2B4A2FAE2183F8D30078E5E8 /* ViewController.swift */ = {isa = PBXFileReference; lastKnownFileType = sourcecode.swift; path = ViewController.swift; sourceTree = "<group>"; };
		2B4A2FB12183F8D30078E5E8 /* Base */ = {isa = PBXFileReference; lastKnownFileType = file.storyboard; name = Base; path = Base.lproj/Main.storyboard; sourceTree = "<group>"; };
		2B4A2FB32183F8D30078E5E8 /* Assets.xcassets */ = {isa = PBXFileReference; lastKnownFileType = folder.assetcatalog; path = Assets.xcassets; sourceTree = "<group>"; };
		2B4A2FB62183F8D30078E5E8 /* Base */ = {isa = PBXFileReference; lastKnownFileType = file.storyboard; name = Base; path = Base.lproj/LaunchScreen.storyboard; sourceTree = "<group>"; };
		2B4A2FB82183F8D30078E5E8 /* Info.plist */ = {isa = PBXFileReference; lastKnownFileType = text.plist.xml; path = Info.plist; sourceTree = "<group>"; };
		2B4A2FBD2183F8D30078E5E8 /* resultTests.xctest */ = {isa = PBXFileReference; explicitFileType = wrapper.cfbundle; includeInIndex = 0; path = resultTests.xctest; sourceTree = BUILT_PRODUCTS_DIR; };
		2B4A2FC12183F8D40078E5E8 /* resultTests.swift */ = {isa = PBXFileReference; lastKnownFileType = sourcecode.swift; path = resultTests.swift; sourceTree = "<group>"; };
		2B4A2FC32183F8D40078E5E8 /* Info.plist */ = {isa = PBXFileReference; lastKnownFileType = text.plist.xml; path = Info.plist; sourceTree = "<group>"; };
		2B4A2FC82183F8D40078E5E8 /* resultUITests.xctest */ = {isa = PBXFileReference; explicitFileType = wrapper.cfbundle; includeInIndex = 0; path = resultUITests.xctest; sourceTree = BUILT_PRODUCTS_DIR; };
		2B4A2FCC2183F8D40078E5E8 /* resultUITests.swift */ = {isa = PBXFileReference; lastKnownFileType = sourcecode.swift; path = resultUITests.swift; sourceTree = "<group>"; };
		2B4A2FCE2183F8D40078E5E8 /* Info.plist */ = {isa = PBXFileReference; lastKnownFileType = text.plist.xml; path = Info.plist; sourceTree = "<group>"; };
/* End PBXFileReference section */

/* Begin PBXFrameworksBuildPhase section */
		2B4A2FA62183F8D30078E5E8 /* Frameworks */ = {
			isa = PBXFrameworksBuildPhase;
			buildActionMask = 2147483647;
			files = (
			);
			runOnlyForDeploymentPostprocessing = 0;
		};
		2B4A2FBA2183F8D30078E5E8 /* Frameworks */ = {
			isa = PBXFrameworksBuildPhase;
			buildActionMask = 2147483647;
			files = (
			);
			runOnlyForDeploymentPostprocessing = 0;
		};
		2B4A2FC52183F8D40078E5E8 /* Frameworks */ = {
			isa = PBXFrameworksBuildPhase;
			buildActionMask = 2147483647;
			files = (
			);
			runOnlyForDeploymentPostprocessing = 0;
		};
/* End PBXFrameworksBuildPhase section */

/* Begin PBXGroup section */
		2B4A2FA02183F8D30078E5E8 = {
			isa = PBXGroup;
			children = (
				2B4A2FAB2183F8D30078E5E8 /* result */,
				2B4A2FC02183F8D40078E5E8 /* resultTests */,
				2B4A2FCB2183F8D40078E5E8 /* resultUITests */,
				2B4A2FAA2183F8D30078E5E8 /* Products */,
			);
			sourceTree = "<group>";
		};
		2B4A2FAA2183F8D30078E5E8 /* Products */ = {
			isa = PBXGroup;
			children = (
				2B4A2FA92183F8D30078E5E8 /* result.app */,
				2B4A2FBD2183F8D30078E5E8 /* resultTests.xctest */,
				2B4A2FC82183F8D40078E5E8 /* resultUITests.xctest */,
			);
			name = Products;
			sourceTree = "<group>";
		};
		2B4A2FAB2183F8D30078E5E8 /* result */ = {
			isa = PBXGroup;
			children = (
				2B4A2FAC2183F8D30078E5E8 /* AppDelegate.swift */,
				2B4A2FAE2183F8D30078E5E8 /* ViewController.swift */,
				2B4A2FB02183F8D30078E5E8 /* Main.storyboard */,
				2B4A2FB32183F8D30078E5E8 /* Assets.xcassets */,
				2B4A2FB52183F8D30078E5E8 /* LaunchScreen.storyboard */,
				2B4A2FB82183F8D30078E5E8 /* Info.plist */,
			);
			path = result;
			sourceTree = "<group>";
		};
		2B4A2FC02183F8D40078E5E8 /* resultTests */ = {
			isa = PBXGroup;
			children = (
				2B4A2FC12183F8D40078E5E8 /* resultTests.swift */,
				2B4A2FC32183F8D40078E5E8 /* Info.plist */,
			);
			path = resultTests;
			sourceTree = "<group>";
		};
		2B4A2FCB2183F8D40078E5E8 /* resultUITests */ = {
			isa = PBXGroup;
			children = (
				2B4A2FCC2183F8D40078E5E8 /* resultUITests.swift */,
				2B4A2FCE2183F8D40078E5E8 /* Info.plist */,
			);
			path = resultUITests;
			sourceTree = "<group>";
		};
/* End PBXGroup section */

/* Begin PBXNativeTarget section */
		2B4A2FA82183F8D30078E5E8 /* result */ = {
			isa = PBXNativeTarget;
			buildConfigurationList = 2B4A2FD12183F8D40078E5E8 /* Build configuration list for PBXNativeTarget "result" */;
			buildPhases = (
				2B4A2FA52183F8D30078E5E8 /* Sources */,
				2B4A2FA62183F8D30078E5E8 /* Frameworks */,
				2B4A2FA72183F8D30078E5E8 /* Resources */,
			);
			buildRules = (
			);
			dependencies = (
			);
			name = result;
			productName = result;
			productReference = 2B4A2FA92183F8D30078E5E8 /* result.app */;
			productType = "com.apple.product-type.application";
		};
		2B4A2FBC2183F8D30078E5E8 /* resultTests */ = {
			isa = PBXNativeTarget;
			buildConfigurationList = 2B4A2FD42183F8D40078E5E8 /* Build configuration list for PBXNativeTarget "resultTests" */;
			buildPhases = (
				2B4A2FB92183F8D30078E5E8 /* Sources */,
				2B4A2FBA2183F8D30078E5E8 /* Frameworks */,
				2B4A2FBB2183F8D30078E5E8 /* Resources */,
			);
			buildRules = (
			);
			dependencies = (
				2B4A2FBF2183F8D30078E5E8 /* PBXTargetDependency */,
			);
			name = resultTests;
			productName = resultTests;
			productReference = 2B4A2FBD2183F8D30078E5E8 /* resultTests.xctest */;
			productType = "com.apple.product-type.bundle.unit-test";
		};
		2B4A2FC72183F8D40078E5E8 /* resultUITests */ = {
			isa = PBXNativeTarget;
			buildConfigurationList = 2B4A2FD72183F8D40078E5E8 /* Build configuration list for PBXNativeTarget "resultUITests" */;
			buildPhases = (
				2B4A2FC42183F8D40078E5E8 /* Sources */,
				2B4A2FC52183F8D40078E5E8 /* Frameworks */,
				2B4A2FC62183F8D40078E5E8 /* Resources */,
			);
			buildRules = (
			);
			dependencies = (
				2B4A2FCA2183F8D40078E5E8 /* PBXTargetDependency */,
			);
			name = resultUITests;
			productName = resultUITests;
			productReference = 2B4A2FC82183F8D40078E5E8 /* resultUITests.xctest */;
			productType = "com.apple.product-type.bundle.ui-testing";
		};
/* End PBXNativeTarget section */

/* Begin PBXProject section */
		2B4A2FA12183F8D30078E5E8 /* Project object */ = {
			isa = PBXProject;
			attributes = {
				LastSwiftUpdateCheck = 1000;
				LastUpgradeCheck = 1000;
				ORGANIZATIONNAME = s20171105409;
				TargetAttributes = {
					2B4A2FA82183F8D30078E5E8 = {
						CreatedOnToolsVersion = 10.0;
					};
					2B4A2FBC2183F8D30078E5E8 = {
						CreatedOnToolsVersion = 10.0;
						TestTargetID = 2B4A2FA82183F8D30078E5E8;
					};
					2B4A2FC72183F8D40078E5E8 = {
						CreatedOnToolsVersion = 10.0;
						TestTargetID = 2B4A2FA82183F8D30078E5E8;
					};
				};
			};
			buildConfigurationList = 2B4A2FA42183F8D30078E5E8 /* Build configuration list for PBXProject "result" */;
			compatibilityVersion = "Xcode 9.3";
			developmentRegion = en;
			hasScannedForEncodings = 0;
			knownRegions = (
				en,
				Base,
			);
			mainGroup = 2B4A2FA02183F8D30078E5E8;
			productRefGroup = 2B4A2FAA2183F8D30078E5E8 /* Products */;
			projectDirPath = "";
			projectRoot = "";
			targets = (
				2B4A2FA82183F8D30078E5E8 /* result */,
				2B4A2FBC2183F8D30078E5E8 /* resultTests */,
				2B4A2FC72183F8D40078E5E8 /* resultUITests */,
			);
		};
/* End PBXProject section */

/* Begin PBXResourcesBuildPhase section */
		2B4A2FA72183F8D30078E5E8 /* Resources */ = {
			isa = PBXResourcesBuildPhase;
			buildActionMask = 2147483647;
			files = (
				2B4A2FB72183F8D30078E5E8 /* LaunchScreen.storyboard in Resources */,
				2B4A2FB42183F8D30078E5E8 /* Assets.xcassets in Resources */,
				2B4A2FB22183F8D30078E5E8 /* Main.storyboard in Resources */,
			);
			runOnlyForDeploymentPostprocessing = 0;
		};
		2B4A2FBB2183F8D30078E5E8 /* Resources */ = {
			isa = PBXResourcesBuildPhase;
			buildActionMask = 2147483647;
			files = (
			);
			runOnlyForDeploymentPostprocessing = 0;
		};
		2B4A2FC62183F8D40078E5E8 /* Resources */ = {
			isa = PBXResourcesBuildPhase;
			buildActionMask = 2147483647;
			files = (
			);
			runOnlyForDeploymentPostprocessing = 0;
		};
/* End PBXResourcesBuildPhase section */

/* Begin PBXSourcesBuildPhase section */
		2B4A2FA52183F8D30078E5E8 /* Sources */ = {
			isa = PBXSourcesBuildPhase;
			buildActionMask = 2147483647;
			files = (
				2B4A2FAF2183F8D30078E5E8 /* ViewController.swift in Sources */,
				2B4A2FAD2183F8D30078E5E8 /* AppDelegate.swift in Sources */,
			);
			runOnlyForDeploymentPostprocessing = 0;
		};
		2B4A2FB92183F8D30078E5E8 /* Sources */ = {
			isa = PBXSourcesBuildPhase;
			buildActionMask = 2147483647;
			files = (
				2B4A2FC22183F8D40078E5E8 /* resultTests.swift in Sources */,
			);
			runOnlyForDeploymentPostprocessing = 0;
		};
		2B4A2FC42183F8D40078E5E8 /* Sources */ = {
			isa = PBXSourcesBuildPhase;
			buildActionMask = 2147483647;
			files = (
				2B4A2FCD2183F8D40078E5E8 /* resultUITests.swift in Sources */,
			);
			runOnlyForDeploymentPostprocessing = 0;
		};
/* End PBXSourcesBuildPhase section */

/* Begin PBXTargetDependency section */
		2B4A2FBF2183F8D30078E5E8 /* PBXTargetDependency */ = {
			isa = PBXTargetDependency;
			target = 2B4A2FA82183F8D30078E5E8 /* result */;
			targetProxy = 2B4A2FBE2183F8D30078E5E8 /* PBXContainerItemProxy */;
		};
		2B4A2FCA2183F8D40078E5E8 /* PBXTargetDependency */ = {
			isa = PBXTargetDependency;
			target = 2B4A2FA82183F8D30078E5E8 /* result */;
			targetProxy = 2B4A2FC92183F8D40078E5E8 /* PBXContainerItemProxy */;
		};
/* End PBXTargetDependency section */

/* Begin PBXVariantGroup section */
		2B4A2FB02183F8D30078E5E8 /* Main.storyboard */ = {
			isa = PBXVariantGroup;
			children = (
				2B4A2FB12183F8D30078E5E8 /* Base */,
			);
			name = Main.storyboard;
			sourceTree = "<group>";
		};
		2B4A2FB52183F8D30078E5E8 /* LaunchScreen.storyboard */ = {
			isa = PBXVariantGroup;
			children = (
				2B4A2FB62183F8D30078E5E8 /* Base */,
			);
			name = LaunchScreen.storyboard;
			sourceTree = "<group>";
		};
/* End PBXVariantGroup section */

/* Begin XCBuildConfiguration section */
		2B4A2FCF2183F8D40078E5E8 /* Debug */ = {
			isa = XCBuildConfiguration;
			buildSettings = {
				ALWAYS_SEARCH_USER_PATHS = NO;
				CLANG_ANALYZER_NONNULL = YES;
				CLANG_ANALYZER_NUMBER_OBJECT_CONVERSION = YES_AGGRESSIVE;
				CLANG_CXX_LANGUAGE_STANDARD = "gnu++14";
				CLANG_CXX_LIBRARY = "libc++";
				CLANG_ENABLE_MODULES = YES;
				CLANG_ENABLE_OBJC_ARC = YES;
				CLANG_ENABLE_OBJC_WEAK = YES;
				CLANG_WARN_BLOCK_CAPTURE_AUTORELEASING = YES;
				CLANG_WARN_BOOL_CONVERSION = YES;
				CLANG_WARN_COMMA = YES;
				CLANG_WARN_CONSTANT_CONVERSION = YES;
				CLANG_WARN_DEPRECATED_OBJC_IMPLEMENTATIONS = YES;
				CLANG_WARN_DIRECT_OBJC_ISA_USAGE = YES_ERROR;
				CLANG_WARN_DOCUMENTATION_COMMENTS = YES;
				CLANG_WARN_EMPTY_BODY = YES;
				CLANG_WARN_ENUM_CONVERSION = YES;
				CLANG_WARN_INFINITE_RECURSION = YES;
				CLANG_WARN_INT_CONVERSION = YES;
				CLANG_WARN_NON_LITERAL_NULL_CONVERSION = YES;
				CLANG_WARN_OBJC_IMPLICIT_RETAIN_SELF = YES;
				CLANG_WARN_OBJC_LITERAL_CONVERSION = YES;
				CLANG_WARN_OBJC_ROOT_CLASS = YES_ERROR;
				CLANG_WARN_RANGE_LOOP_ANALYSIS = YES;
				CLANG_WARN_STRICT_PROTOTYPES = YES;
				CLANG_WARN_SUSPICIOUS_MOVE = YES;
				CLANG_WARN_UNGUARDED_AVAILABILITY = YES_AGGRESSIVE;
				CLANG_WARN_UNREACHABLE_CODE = YES;
				CLANG_WARN__DUPLICATE_METHOD_MATCH = YES;
				CODE_SIGN_IDENTITY = "iPhone Developer";
				COPY_PHASE_STRIP = NO;
				DEBUG_INFORMATION_FORMAT = dwarf;
				ENABLE_STRICT_OBJC_MSGSEND = YES;
				ENABLE_TESTABILITY = YES;
				GCC_C_LANGUAGE_STANDARD = gnu11;
				GCC_DYNAMIC_NO_PIC = NO;
				GCC_NO_COMMON_BLOCKS = YES;
				GCC_OPTIMIZATION_LEVEL = 0;
				GCC_PREPROCESSOR_DEFINITIONS = (
					"DEBUG=1",
					"$(inherited)",
				);
				GCC_WARN_64_TO_32_BIT_CONVERSION = YES;
				GCC_WARN_ABOUT_RETURN_TYPE = YES_ERROR;
				GCC_WARN_UNDECLARED_SELECTOR = YES;
				GCC_WARN_UNINITIALIZED_AUTOS = YES_AGGRESSIVE;
				GCC_WARN_UNUSED_FUNCTION = YES;
				GCC_WARN_UNUSED_VARIABLE = YES;
				IPHONEOS_DEPLOYMENT_TARGET = 12.0;
				MTL_ENABLE_DEBUG_INFO = INCLUDE_SOURCE;
				MTL_FAST_MATH = YES;
				ONLY_ACTIVE_ARCH = YES;
				SDKROOT = iphoneos;
				SWIFT_ACTIVE_COMPILATION_CONDITIONS = DEBUG;
				SWIFT_OPTIMIZATION_LEVEL = "-Onone";
			};
			name = Debug;
		};
		2B4A2FD02183F8D40078E5E8 /* Release */ = {
			isa = XCBuildConfiguration;
			buildSettings = {
				ALWAYS_SEARCH_USER_PATHS = NO;
				CLANG_ANALYZER_NONNULL = YES;
				CLANG_ANALYZER_NUMBER_OBJECT_CONVERSION = YES_AGGRESSIVE;
				CLANG_CXX_LANGUAGE_STANDARD = "gnu++14";
				CLANG_CXX_LIBRARY = "libc++";
				CLANG_ENABLE_MODULES = YES;
				CLANG_ENABLE_OBJC_ARC = YES;
				CLANG_ENABLE_OBJC_WEAK = YES;
				CLANG_WARN_BLOCK_CAPTURE_AUTORELEASING = YES;
				CLANG_WARN_BOOL_CONVERSION = YES;
				CLANG_WARN_COMMA = YES;
				CLANG_WARN_CONSTANT_CONVERSION = YES;
				CLANG_WARN_DEPRECATED_OBJC_IMPLEMENTATIONS = YES;
				CLANG_WARN_DIRECT_OBJC_ISA_USAGE = YES_ERROR;
				CLANG_WARN_DOCUMENTATION_COMMENTS = YES;
				CLANG_WARN_EMPTY_BODY = YES;
				CLANG_WARN_ENUM_CONVERSION = YES;
				CLANG_WARN_INFINITE_RECURSION = YES;
				CLANG_WARN_INT_CONVERSION = YES;
				CLANG_WARN_NON_LITERAL_NULL_CONVERSION = YES;
				CLANG_WARN_OBJC_IMPLICIT_RETAIN_SELF = YES;
				CLANG_WARN_OBJC_LITERAL_CONVERSION = YES;
				CLANG_WARN_OBJC_ROOT_CLASS = YES_ERROR;
				CLANG_WARN_RANGE_LOOP_ANALYSIS = YES;
				CLANG_WARN_STRICT_PROTOTYPES = YES;
				CLANG_WARN_SUSPICIOUS_MOVE = YES;
				CLANG_WARN_UNGUARDED_AVAILABILITY = YES_AGGRESSIVE;
				CLANG_WARN_UNREACHABLE_CODE = YES;
				CLANG_WARN__DUPLICATE_METHOD_MATCH = YES;
				CODE_SIGN_IDENTITY = "iPhone Developer";
				COPY_PHASE_STRIP = NO;
				DEBUG_INFORMATION_FORMAT = "dwarf-with-dsym";
				ENABLE_NS_ASSERTIONS = NO;
				ENABLE_STRICT_OBJC_MSGSEND = YES;
				GCC_C_LANGUAGE_STANDARD = gnu11;
				GCC_NO_COMMON_BLOCKS = YES;
				GCC_WARN_64_TO_32_BIT_CONVERSION = YES;
				GCC_WARN_ABOUT_RETURN_TYPE = YES_ERROR;
				GCC_WARN_UNDECLARED_SELECTOR = YES;
				GCC_WARN_UNINITIALIZED_AUTOS = YES_AGGRESSIVE;
				GCC_WARN_UNUSED_FUNCTION = YES;
				GCC_WARN_UNUSED_VARIABLE = YES;
				IPHONEOS_DEPLOYMENT_TARGET = 12.0;
				MTL_ENABLE_DEBUG_INFO = NO;
				MTL_FAST_MATH = YES;
				SDKROOT = iphoneos;
				SWIFT_COMPILATION_MODE = wholemodule;
				SWIFT_OPTIMIZATION_LEVEL = "-O";
				VALIDATE_PRODUCT = YES;
			};
			name = Release;
		};
		2B4A2FD22183F8D40078E5E8 /* Debug */ = {
			isa = XCBuildConfiguration;
			buildSettings = {
				ASSETCATALOG_COMPILER_APPICON_NAME = AppIcon;
				CODE_SIGN_STYLE = Automatic;
				INFOPLIST_FILE = result/Info.plist;
				LD_RUNPATH_SEARCH_PATHS = (
					"$(inherited)",
					"@executable_path/Frameworks",
				);
				PRODUCT_BUNDLE_IDENTIFIER = test.result;
				PRODUCT_NAME = "$(TARGET_NAME)";
				SWIFT_VERSION = 4.2;
				TARGETED_DEVICE_FAMILY = "1,2";
			};
			name = Debug;
		};
		2B4A2FD32183F8D40078E5E8 /* Release */ = {
			isa = XCBuildConfiguration;
			buildSettings = {
				ASSETCATALOG_COMPILER_APPICON_NAME = AppIcon;
				CODE_SIGN_STYLE = Automatic;
				INFOPLIST_FILE = result/Info.plist;
				LD_RUNPATH_SEARCH_PATHS = (
					"$(inherited)",
					"@executable_path/Frameworks",
				);
				PRODUCT_BUNDLE_IDENTIFIER = test.result;
				PRODUCT_NAME = "$(TARGET_NAME)";
				SWIFT_VERSION = 4.2;
				TARGETED_DEVICE_FAMILY = "1,2";
			};
			name = Release;
		};
		2B4A2FD52183F8D40078E5E8 /* Debug */ = {
			isa = XCBuildConfiguration;
			buildSettings = {
				ALWAYS_EMBED_SWIFT_STANDARD_LIBRARIES = YES;
				BUNDLE_LOADER = "$(TEST_HOST)";
				CODE_SIGN_STYLE = Automatic;
				INFOPLIST_FILE = resultTests/Info.plist;
				LD_RUNPATH_SEARCH_PATHS = (
					"$(inherited)",
					"@executable_path/Frameworks",
					"@loader_path/Frameworks",
				);
				PRODUCT_BUNDLE_IDENTIFIER = test.resultTests;
				PRODUCT_NAME = "$(TARGET_NAME)";
				SWIFT_VERSION = 4.2;
				TARGETED_DEVICE_FAMILY = "1,2";
				TEST_HOST = "$(BUILT_PRODUCTS_DIR)/result.app/result";
			};
			name = Debug;
		};
		2B4A2FD62183F8D40078E5E8 /* Release */ = {
			isa = XCBuildConfiguration;
			buildSettings = {
				ALWAYS_EMBED_SWIFT_STANDARD_LIBRARIES = YES;
				BUNDLE_LOADER = "$(TEST_HOST)";
				CODE_SIGN_STYLE = Automatic;
				INFOPLIST_FILE = resultTests/Info.plist;
				LD_RUNPATH_SEARCH_PATHS = (
					"$(inherited)",
					"@executable_path/Frameworks",
					"@loader_path/Frameworks",
				);
				PRODUCT_BUNDLE_IDENTIFIER = test.resultTests;
				PRODUCT_NAME = "$(TARGET_NAME)";
				SWIFT_VERSION = 4.2;
				TARGETED_DEVICE_FAMILY = "1,2";
				TEST_HOST = "$(BUILT_PRODUCTS_DIR)/result.app/result";
			};
			name = Release;
		};
		2B4A2FD82183F8D40078E5E8 /* Debug */ = {
			isa = XCBuildConfiguration;
			buildSettings = {
				ALWAYS_EMBED_SWIFT_STANDARD_LIBRARIES = YES;
				CODE_SIGN_STYLE = Automatic;
				INFOPLIST_FILE = resultUITests/Info.plist;
				LD_RUNPATH_SEARCH_PATHS = (
					"$(inherited)",
					"@executable_path/Frameworks",
					"@loader_path/Frameworks",
				);
				PRODUCT_BUNDLE_IDENTIFIER = test.resultUITests;
				PRODUCT_NAME = "$(TARGET_NAME)";
				SWIFT_VERSION = 4.2;
				TARGETED_DEVICE_FAMILY = "1,2";
				TEST_TARGET_NAME = result;
			};
			name = Debug;
		};
		2B4A2FD92183F8D40078E5E8 /* Release */ = {
			isa = XCBuildConfiguration;
			buildSettings = {
				ALWAYS_EMBED_SWIFT_STANDARD_LIBRARIES = YES;
				CODE_SIGN_STYLE = Automatic;
				INFOPLIST_FILE = resultUITests/Info.plist;
				LD_RUNPATH_SEARCH_PATHS = (
					"$(inherited)",
					"@executable_path/Frameworks",
					"@loader_path/Frameworks",
				);
				PRODUCT_BUNDLE_IDENTIFIER = test.resultUITests;
				PRODUCT_NAME = "$(TARGET_NAME)";
				SWIFT_VERSION = 4.2;
				TARGETED_DEVICE_FAMILY = "1,2";
				TEST_TARGET_NAME = result;
			};
			name = Release;
		};
/* End XCBuildConfiguration section */

/* Begin XCConfigurationList section */
		2B4A2FA42183F8D30078E5E8 /* Build configuration list for PBXProject "result" */ = {
			isa = XCConfigurationList;
			buildConfigurations = (
				2B4A2FCF2183F8D40078E5E8 /* Debug */,
				2B4A2FD02183F8D40078E5E8 /* Release */,
			);
			defaultConfigurationIsVisible = 0;
			defaultConfigurationName = Release;
		};
		2B4A2FD12183F8D40078E5E8 /* Build configuration list for PBXNativeTarget "result" */ = {
			isa = XCConfigurationList;
			buildConfigurations = (
				2B4A2FD22183F8D40078E5E8 /* Debug */,
				2B4A2FD32183F8D40078E5E8 /* Release */,
			);
			defaultConfigurationIsVisible = 0;
			defaultConfigurationName = Release;
		};
		2B4A2FD42183F8D40078E5E8 /* Build configuration list for PBXNativeTarget "resultTests" */ = {
			isa = XCConfigurationList;
			buildConfigurations = (
				2B4A2FD52183F8D40078E5E8 /* Debug */,
				2B4A2FD62183F8D40078E5E8 /* Release */,
			);
			defaultConfigurationIsVisible = 0;
			defaultConfigurationName = Release;
		};
		2B4A2FD72183F8D40078E5E8 /* Build configuration list for PBXNativeTarget "resultUITests" */ = {
			isa = XCConfigurationList;
			buildConfigurations = (
				2B4A2FD82183F8D40078E5E8 /* Debug */,
				2B4A2FD92183F8D40078E5E8 /* Release */,
			);
			defaultConfigurationIsVisible = 0;
			defaultConfigurationName = Release;
		};
/* End XCConfigurationList section */
	};
	rootObject = 2B4A2FA12183F8D30078E5E8 /* Project object */;
}
